// !$*UTF8*$!
{
	archiveVersion = 1;
	classes = {
	};
	objectVersion = 46;
	objects = {

/* Begin PBXBuildFile section */
		4C07E8ED1B978A0900479AF1 /* LoginSuccessPacket.cpp in Sources */ = {isa = PBXBuildFile; fileRef = 4C07E8EB1B978A0900479AF1 /* LoginSuccessPacket.cpp */; };
		4C07E8EE1B978A0900479AF1 /* LoginSuccessPacket.hpp in Headers */ = {isa = PBXBuildFile; fileRef = 4C07E8EC1B978A0900479AF1 /* LoginSuccessPacket.hpp */; };
		4C07E8F11B978DBA00479AF1 /* SetCompressionPacket.cpp in Sources */ = {isa = PBXBuildFile; fileRef = 4C07E8EF1B978DBA00479AF1 /* SetCompressionPacket.cpp */; };
		4C07E8F21B978DBA00479AF1 /* SetCompressionPacket.hpp in Headers */ = {isa = PBXBuildFile; fileRef = 4C07E8F01B978DBA00479AF1 /* SetCompressionPacket.hpp */; };
		4C07E8F51B978F8A00479AF1 /* JoinGamePacket.cpp in Sources */ = {isa = PBXBuildFile; fileRef = 4C07E8F31B978F8A00479AF1 /* JoinGamePacket.cpp */; };
		4C07E8F61B978F8A00479AF1 /* JoinGamePacket.hpp in Headers */ = {isa = PBXBuildFile; fileRef = 4C07E8F41B978F8A00479AF1 /* JoinGamePacket.hpp */; };
		4C483D851BAA346B00E812AD /* ChatMessagePacket.cpp in Sources */ = {isa = PBXBuildFile; fileRef = 4C483D831BAA346B00E812AD /* ChatMessagePacket.cpp */; };
		4C483D861BAA346B00E812AD /* ChatMessagePacket.hpp in Headers */ = {isa = PBXBuildFile; fileRef = 4C483D841BAA346B00E812AD /* ChatMessagePacket.hpp */; };
		4C5373521B94C2D6003EF834 /* LoginStartPacket.cpp in Sources */ = {isa = PBXBuildFile; fileRef = 4C5373501B94C2D6003EF834 /* LoginStartPacket.cpp */; };
		4C5373531B94C2D6003EF834 /* LoginStartPacket.hpp in Headers */ = {isa = PBXBuildFile; fileRef = 4C5373511B94C2D6003EF834 /* LoginStartPacket.hpp */; settings = {ATTRIBUTES = (Public, ); }; };
		4C5373561B94C48E003EF834 /* EncryptionPacket.cpp in Sources */ = {isa = PBXBuildFile; fileRef = 4C5373541B94C48E003EF834 /* EncryptionPacket.cpp */; };
		4C5373571B94C48E003EF834 /* EncryptionPacket.hpp in Headers */ = {isa = PBXBuildFile; fileRef = 4C5373551B94C48E003EF834 /* EncryptionPacket.hpp */; settings = {ATTRIBUTES = (Public, ); }; };
		4C69EC341BA64A9500EAD450 /* KeepAlivePacket.cpp in Sources */ = {isa = PBXBuildFile; fileRef = 4C69EC321BA64A9500EAD450 /* KeepAlivePacket.cpp */; };
		4C69EC351BA64A9500EAD450 /* KeepAlivePacket.hpp in Headers */ = {isa = PBXBuildFile; fileRef = 4C69EC331BA64A9500EAD450 /* KeepAlivePacket.hpp */; };
		4CA6D3081BA3875B00974DF6 /* libz.a in Frameworks */ = {isa = PBXBuildFile; fileRef = 4CA6D3071BA3875B00974DF6 /* libz.a */; };
		4CBFEBC61B9608F1000C258C /* libcrypto.a in Frameworks */ = {isa = PBXBuildFile; fileRef = 4CBFEBC41B9608F1000C258C /* libcrypto.a */; };
		4CBFEBC71B9608F1000C258C /* libssl.a in Frameworks */ = {isa = PBXBuildFile; fileRef = 4CBFEBC51B9608F1000C258C /* libssl.a */; };
		4CC8B8501B9388A3009594E4 /* Packet.cpp in Sources */ = {isa = PBXBuildFile; fileRef = 4CC8B8481B9388A3009594E4 /* Packet.cpp */; };
		4CC8B8511B9388A3009594E4 /* Packet.hpp in Headers */ = {isa = PBXBuildFile; fileRef = 4CC8B8491B9388A3009594E4 /* Packet.hpp */; settings = {ATTRIBUTES = (Public, ); }; };
		4CC8B8521B9388A3009594E4 /* HandshakePacket.cpp in Sources */ = {isa = PBXBuildFile; fileRef = 4CC8B84A1B9388A3009594E4 /* HandshakePacket.cpp */; };
		4CC8B8531B9388A3009594E4 /* HandshakePacket.hpp in Headers */ = {isa = PBXBuildFile; fileRef = 4CC8B84B1B9388A3009594E4 /* HandshakePacket.hpp */; settings = {ATTRIBUTES = (Public, ); }; };
		4CC8B8541B9388A3009594E4 /* ServerStatusPacket.cpp in Sources */ = {isa = PBXBuildFile; fileRef = 4CC8B84C1B9388A3009594E4 /* ServerStatusPacket.cpp */; };
		4CC8B8551B9388A3009594E4 /* ServerStatusPacket.hpp in Headers */ = {isa = PBXBuildFile; fileRef = 4CC8B84D1B9388A3009594E4 /* ServerStatusPacket.hpp */; settings = {ATTRIBUTES = (Public, ); }; };
		4CC8B8561B9388A3009594E4 /* PingPacket.cpp in Sources */ = {isa = PBXBuildFile; fileRef = 4CC8B84E1B9388A3009594E4 /* PingPacket.cpp */; };
		4CC8B8571B9388A3009594E4 /* PingPacket.hpp in Headers */ = {isa = PBXBuildFile; fileRef = 4CC8B84F1B9388A3009594E4 /* PingPacket.hpp */; settings = {ATTRIBUTES = (Public, ); }; };
		4CD999FD1BA7446200B51452 /* SpawnPositionPacket.cpp in Sources */ = {isa = PBXBuildFile; fileRef = 4CD999FB1BA7446200B51452 /* SpawnPositionPacket.cpp */; };
		4CD999FE1BA7446200B51452 /* SpawnPositionPacket.hpp in Headers */ = {isa = PBXBuildFile; fileRef = 4CD999FC1BA7446200B51452 /* SpawnPositionPacket.hpp */; };
		4CD99A001BA7452500B51452 /* Bitfield.hpp in Headers */ = {isa = PBXBuildFile; fileRef = 4CD999FF1BA7452500B51452 /* Bitfield.hpp */; settings = {ATTRIBUTES = (Private, ); }; };
		4CD99A031BA74FC500B51452 /* PlayerPositionAndLookPacket.cpp in Sources */ = {isa = PBXBuildFile; fileRef = 4CD99A011BA74FC500B51452 /* PlayerPositionAndLookPacket.cpp */; };
		4CD99A041BA74FC500B51452 /* PlayerPositionAndLookPacket.hpp in Headers */ = {isa = PBXBuildFile; fileRef = 4CD99A021BA74FC500B51452 /* PlayerPositionAndLookPacket.hpp */; };
		4CD99A071BA7522B00B51452 /* PlayerAbilitiesPacket.cpp in Sources */ = {isa = PBXBuildFile; fileRef = 4CD99A051BA7522B00B51452 /* PlayerAbilitiesPacket.cpp */; };
		4CD99A081BA7522B00B51452 /* PlayerAbilitiesPacket.hpp in Headers */ = {isa = PBXBuildFile; fileRef = 4CD99A061BA7522B00B51452 /* PlayerAbilitiesPacket.hpp */; };
/* End PBXBuildFile section */

/* Begin PBXFileReference section */
		4C07E8EB1B978A0900479AF1 /* LoginSuccessPacket.cpp */ = {isa = PBXFileReference; fileEncoding = 4; lastKnownFileType = sourcecode.cpp.cpp; path = LoginSuccessPacket.cpp; sourceTree = "<group>"; };
		4C07E8EC1B978A0900479AF1 /* LoginSuccessPacket.hpp */ = {isa = PBXFileReference; fileEncoding = 4; lastKnownFileType = sourcecode.cpp.h; path = LoginSuccessPacket.hpp; sourceTree = "<group>"; };
		4C07E8EF1B978DBA00479AF1 /* SetCompressionPacket.cpp */ = {isa = PBXFileReference; fileEncoding = 4; lastKnownFileType = sourcecode.cpp.cpp; path = SetCompressionPacket.cpp; sourceTree = "<group>"; };
		4C07E8F01B978DBA00479AF1 /* SetCompressionPacket.hpp */ = {isa = PBXFileReference; fileEncoding = 4; lastKnownFileType = sourcecode.cpp.h; path = SetCompressionPacket.hpp; sourceTree = "<group>"; };
		4C07E8F31B978F8A00479AF1 /* JoinGamePacket.cpp */ = {isa = PBXFileReference; fileEncoding = 4; lastKnownFileType = sourcecode.cpp.cpp; path = JoinGamePacket.cpp; sourceTree = "<group>"; };
		4C07E8F41B978F8A00479AF1 /* JoinGamePacket.hpp */ = {isa = PBXFileReference; fileEncoding = 4; lastKnownFileType = sourcecode.cpp.h; path = JoinGamePacket.hpp; sourceTree = "<group>"; };
		4C483D831BAA346B00E812AD /* ChatMessagePacket.cpp */ = {isa = PBXFileReference; fileEncoding = 4; lastKnownFileType = sourcecode.cpp.cpp; path = ChatMessagePacket.cpp; sourceTree = "<group>"; };
		4C483D841BAA346B00E812AD /* ChatMessagePacket.hpp */ = {isa = PBXFileReference; fileEncoding = 4; lastKnownFileType = sourcecode.cpp.h; path = ChatMessagePacket.hpp; sourceTree = "<group>"; };
		4C5373501B94C2D6003EF834 /* LoginStartPacket.cpp */ = {isa = PBXFileReference; fileEncoding = 4; lastKnownFileType = sourcecode.cpp.cpp; path = LoginStartPacket.cpp; sourceTree = "<group>"; };
		4C5373511B94C2D6003EF834 /* LoginStartPacket.hpp */ = {isa = PBXFileReference; fileEncoding = 4; lastKnownFileType = sourcecode.cpp.h; path = LoginStartPacket.hpp; sourceTree = "<group>"; };
		4C5373541B94C48E003EF834 /* EncryptionPacket.cpp */ = {isa = PBXFileReference; fileEncoding = 4; lastKnownFileType = sourcecode.cpp.cpp; path = EncryptionPacket.cpp; sourceTree = "<group>"; };
		4C5373551B94C48E003EF834 /* EncryptionPacket.hpp */ = {isa = PBXFileReference; fileEncoding = 4; lastKnownFileType = sourcecode.cpp.h; path = EncryptionPacket.hpp; sourceTree = "<group>"; };
		4C69EC321BA64A9500EAD450 /* KeepAlivePacket.cpp */ = {isa = PBXFileReference; fileEncoding = 4; lastKnownFileType = sourcecode.cpp.cpp; path = KeepAlivePacket.cpp; sourceTree = "<group>"; };
		4C69EC331BA64A9500EAD450 /* KeepAlivePacket.hpp */ = {isa = PBXFileReference; fileEncoding = 4; lastKnownFileType = sourcecode.cpp.h; path = KeepAlivePacket.hpp; sourceTree = "<group>"; };
		4CA6D3071BA3875B00974DF6 /* libz.a */ = {isa = PBXFileReference; lastKnownFileType = archive.ar; name = libz.a; path = ../../../../usr/local/Cellar/zlib/1.2.8/lib/libz.a; sourceTree = "<group>"; };
		4CBFEBC41B9608F1000C258C /* libcrypto.a */ = {isa = PBXFileReference; lastKnownFileType = archive.ar; name = libcrypto.a; path = build/Debug/crypto/libcrypto.a; sourceTree = "<group>"; };
		4CBFEBC51B9608F1000C258C /* libssl.a */ = {isa = PBXFileReference; lastKnownFileType = archive.ar; name = libssl.a; path = build/Debug/ssl/libssl.a; sourceTree = "<group>"; };
		4CC8B82A1B938834009594E4 /* libMCPacket.a */ = {isa = PBXFileReference; explicitFileType = archive.ar; includeInIndex = 0; path = libMCPacket.a; sourceTree = BUILT_PRODUCTS_DIR; };
		4CC8B8481B9388A3009594E4 /* Packet.cpp */ = {isa = PBXFileReference; fileEncoding = 4; lastKnownFileType = sourcecode.cpp.cpp; path = Packet.cpp; sourceTree = "<group>"; };
		4CC8B8491B9388A3009594E4 /* Packet.hpp */ = {isa = PBXFileReference; fileEncoding = 4; lastKnownFileType = sourcecode.cpp.h; path = Packet.hpp; sourceTree = "<group>"; };
		4CC8B84A1B9388A3009594E4 /* HandshakePacket.cpp */ = {isa = PBXFileReference; fileEncoding = 4; lastKnownFileType = sourcecode.cpp.cpp; path = HandshakePacket.cpp; sourceTree = "<group>"; };
		4CC8B84B1B9388A3009594E4 /* HandshakePacket.hpp */ = {isa = PBXFileReference; fileEncoding = 4; lastKnownFileType = sourcecode.cpp.h; path = HandshakePacket.hpp; sourceTree = "<group>"; };
		4CC8B84C1B9388A3009594E4 /* ServerStatusPacket.cpp */ = {isa = PBXFileReference; fileEncoding = 4; lastKnownFileType = sourcecode.cpp.cpp; path = ServerStatusPacket.cpp; sourceTree = "<group>"; };
		4CC8B84D1B9388A3009594E4 /* ServerStatusPacket.hpp */ = {isa = PBXFileReference; fileEncoding = 4; lastKnownFileType = sourcecode.cpp.h; path = ServerStatusPacket.hpp; sourceTree = "<group>"; };
		4CC8B84E1B9388A3009594E4 /* PingPacket.cpp */ = {isa = PBXFileReference; fileEncoding = 4; lastKnownFileType = sourcecode.cpp.cpp; path = PingPacket.cpp; sourceTree = "<group>"; };
		4CC8B84F1B9388A3009594E4 /* PingPacket.hpp */ = {isa = PBXFileReference; fileEncoding = 4; lastKnownFileType = sourcecode.cpp.h; path = PingPacket.hpp; sourceTree = "<group>"; };
		4CD999FB1BA7446200B51452 /* SpawnPositionPacket.cpp */ = {isa = PBXFileReference; fileEncoding = 4; lastKnownFileType = sourcecode.cpp.cpp; path = SpawnPositionPacket.cpp; sourceTree = "<group>"; };
		4CD999FC1BA7446200B51452 /* SpawnPositionPacket.hpp */ = {isa = PBXFileReference; fileEncoding = 4; lastKnownFileType = sourcecode.cpp.h; path = SpawnPositionPacket.hpp; sourceTree = "<group>"; };
		4CD999FF1BA7452500B51452 /* Bitfield.hpp */ = {isa = PBXFileReference; fileEncoding = 4; lastKnownFileType = sourcecode.cpp.h; path = Bitfield.hpp; sourceTree = "<group>"; };
		4CD99A011BA74FC500B51452 /* PlayerPositionAndLookPacket.cpp */ = {isa = PBXFileReference; fileEncoding = 4; lastKnownFileType = sourcecode.cpp.cpp; path = PlayerPositionAndLookPacket.cpp; sourceTree = "<group>"; };
		4CD99A021BA74FC500B51452 /* PlayerPositionAndLookPacket.hpp */ = {isa = PBXFileReference; fileEncoding = 4; lastKnownFileType = sourcecode.cpp.h; path = PlayerPositionAndLookPacket.hpp; sourceTree = "<group>"; };
		4CD99A051BA7522B00B51452 /* PlayerAbilitiesPacket.cpp */ = {isa = PBXFileReference; fileEncoding = 4; lastKnownFileType = sourcecode.cpp.cpp; path = PlayerAbilitiesPacket.cpp; sourceTree = "<group>"; };
		4CD99A061BA7522B00B51452 /* PlayerAbilitiesPacket.hpp */ = {isa = PBXFileReference; fileEncoding = 4; lastKnownFileType = sourcecode.cpp.h; path = PlayerAbilitiesPacket.hpp; sourceTree = "<group>"; };
/* End PBXFileReference section */

/* Begin PBXFrameworksBuildPhase section */
		4CC8B8271B938834009594E4 /* Frameworks */ = {
			isa = PBXFrameworksBuildPhase;
			buildActionMask = 2147483647;
			files = (
				4CA6D3081BA3875B00974DF6 /* libz.a in Frameworks */,
				4CBFEBC61B9608F1000C258C /* libcrypto.a in Frameworks */,
				4CBFEBC71B9608F1000C258C /* libssl.a in Frameworks */,
			);
			runOnlyForDeploymentPostprocessing = 0;
		};
/* End PBXFrameworksBuildPhase section */

/* Begin PBXGroup section */
		4C53735C1B95146C003EF834 /* Libraries */ = {
			isa = PBXGroup;
			children = (
				4CA6D3071BA3875B00974DF6 /* libz.a */,
				4CBFEBC41B9608F1000C258C /* libcrypto.a */,
				4CBFEBC51B9608F1000C258C /* libssl.a */,
			);
			name = Libraries;
			sourceTree = "<group>";
		};
		4CC8B8211B938834009594E4 = {
			isa = PBXGroup;
			children = (
				4CC8B82C1B938834009594E4 /* MCPacket */,
				4CC8B82B1B938834009594E4 /* Products */,
				4C53735C1B95146C003EF834 /* Libraries */,
			);
			sourceTree = "<group>";
		};
		4CC8B82B1B938834009594E4 /* Products */ = {
			isa = PBXGroup;
			children = (
				4CC8B82A1B938834009594E4 /* libMCPacket.a */,
			);
			name = Products;
			sourceTree = "<group>";
		};
		4CC8B82C1B938834009594E4 /* MCPacket */ = {
			isa = PBXGroup;
			children = (
				4CD999FF1BA7452500B51452 /* Bitfield.hpp */,
				4CC8B8481B9388A3009594E4 /* Packet.cpp */,
				4CC8B8491B9388A3009594E4 /* Packet.hpp */,
				4CC8B84A1B9388A3009594E4 /* HandshakePacket.cpp */,
				4CC8B84B1B9388A3009594E4 /* HandshakePacket.hpp */,
				4CC8B84C1B9388A3009594E4 /* ServerStatusPacket.cpp */,
				4CC8B84D1B9388A3009594E4 /* ServerStatusPacket.hpp */,
				4CC8B84E1B9388A3009594E4 /* PingPacket.cpp */,
				4CC8B84F1B9388A3009594E4 /* PingPacket.hpp */,
				4C5373501B94C2D6003EF834 /* LoginStartPacket.cpp */,
				4C5373511B94C2D6003EF834 /* LoginStartPacket.hpp */,
				4C5373541B94C48E003EF834 /* EncryptionPacket.cpp */,
				4C5373551B94C48E003EF834 /* EncryptionPacket.hpp */,
				4C07E8EB1B978A0900479AF1 /* LoginSuccessPacket.cpp */,
				4C07E8EC1B978A0900479AF1 /* LoginSuccessPacket.hpp */,
				4C07E8EF1B978DBA00479AF1 /* SetCompressionPacket.cpp */,
				4C07E8F01B978DBA00479AF1 /* SetCompressionPacket.hpp */,
				4C07E8F31B978F8A00479AF1 /* JoinGamePacket.cpp */,
				4C07E8F41B978F8A00479AF1 /* JoinGamePacket.hpp */,
				4C69EC321BA64A9500EAD450 /* KeepAlivePacket.cpp */,
				4C69EC331BA64A9500EAD450 /* KeepAlivePacket.hpp */,
				4CD999FB1BA7446200B51452 /* SpawnPositionPacket.cpp */,
				4CD999FC1BA7446200B51452 /* SpawnPositionPacket.hpp */,
				4CD99A011BA74FC500B51452 /* PlayerPositionAndLookPacket.cpp */,
				4CD99A021BA74FC500B51452 /* PlayerPositionAndLookPacket.hpp */,
				4CD99A051BA7522B00B51452 /* PlayerAbilitiesPacket.cpp */,
				4CD99A061BA7522B00B51452 /* PlayerAbilitiesPacket.hpp */,
				4C483D831BAA346B00E812AD /* ChatMessagePacket.cpp */,
				4C483D841BAA346B00E812AD /* ChatMessagePacket.hpp */,
			);
			path = MCPacket;
			sourceTree = "<group>";
		};
/* End PBXGroup section */

/* Begin PBXHeadersBuildPhase section */
		4CC8B8281B938834009594E4 /* Headers */ = {
			isa = PBXHeadersBuildPhase;
			buildActionMask = 2147483647;
			files = (
				4CC8B8531B9388A3009594E4 /* HandshakePacket.hpp in Headers */,
				4C5373571B94C48E003EF834 /* EncryptionPacket.hpp in Headers */,
				4C5373531B94C2D6003EF834 /* LoginStartPacket.hpp in Headers */,
				4C69EC351BA64A9500EAD450 /* KeepAlivePacket.hpp in Headers */,
				4CD99A081BA7522B00B51452 /* PlayerAbilitiesPacket.hpp in Headers */,
				4CC8B8551B9388A3009594E4 /* ServerStatusPacket.hpp in Headers */,
				4CD99A001BA7452500B51452 /* Bitfield.hpp in Headers */,
				4C07E8F21B978DBA00479AF1 /* SetCompressionPacket.hpp in Headers */,
				4CD99A041BA74FC500B51452 /* PlayerPositionAndLookPacket.hpp in Headers */,
				4CC8B8571B9388A3009594E4 /* PingPacket.hpp in Headers */,
				4C483D861BAA346B00E812AD /* ChatMessagePacket.hpp in Headers */,
				4C07E8EE1B978A0900479AF1 /* LoginSuccessPacket.hpp in Headers */,
				4C07E8F61B978F8A00479AF1 /* JoinGamePacket.hpp in Headers */,
				4CC8B8511B9388A3009594E4 /* Packet.hpp in Headers */,
				4CD999FE1BA7446200B51452 /* SpawnPositionPacket.hpp in Headers */,
			);
			runOnlyForDeploymentPostprocessing = 0;
		};
/* End PBXHeadersBuildPhase section */

/* Begin PBXNativeTarget section */
		4CC8B8291B938834009594E4 /* MCPacket */ = {
			isa = PBXNativeTarget;
			buildConfigurationList = 4CC8B8351B938834009594E4 /* Build configuration list for PBXNativeTarget "MCPacket" */;
			buildPhases = (
				4CC8B8261B938834009594E4 /* Sources */,
				4CC8B8271B938834009594E4 /* Frameworks */,
				4CC8B8281B938834009594E4 /* Headers */,
			);
			buildRules = (
			);
			dependencies = (
			);
			name = MCPacket;
			productName = MCPacket;
			productReference = 4CC8B82A1B938834009594E4 /* libMCPacket.a */;
			productType = "com.apple.product-type.library.static";
		};
/* End PBXNativeTarget section */

/* Begin PBXProject section */
		4CC8B8221B938834009594E4 /* Project object */ = {
			isa = PBXProject;
			attributes = {
				LastUpgradeCheck = 0700;
				ORGANIZATIONNAME = "Andrew Querol";
				TargetAttributes = {
					4CC8B8291B938834009594E4 = {
						CreatedOnToolsVersion = 7.0;
					};
				};
			};
			buildConfigurationList = 4CC8B8251B938834009594E4 /* Build configuration list for PBXProject "MCPacket" */;
			compatibilityVersion = "Xcode 3.2";
			developmentRegion = English;
			hasScannedForEncodings = 0;
			knownRegions = (
				en,
			);
			mainGroup = 4CC8B8211B938834009594E4;
			productRefGroup = 4CC8B82B1B938834009594E4 /* Products */;
			projectDirPath = "";
			projectRoot = "";
			targets = (
				4CC8B8291B938834009594E4 /* MCPacket */,
			);
		};
/* End PBXProject section */

/* Begin PBXSourcesBuildPhase section */
		4CC8B8261B938834009594E4 /* Sources */ = {
			isa = PBXSourcesBuildPhase;
			buildActionMask = 2147483647;
			files = (
				4CC8B8541B9388A3009594E4 /* ServerStatusPacket.cpp in Sources */,
				4C07E8ED1B978A0900479AF1 /* LoginSuccessPacket.cpp in Sources */,
				4CC8B8561B9388A3009594E4 /* PingPacket.cpp in Sources */,
				4CD99A071BA7522B00B51452 /* PlayerAbilitiesPacket.cpp in Sources */,
				4C5373561B94C48E003EF834 /* EncryptionPacket.cpp in Sources */,
				4CC8B8501B9388A3009594E4 /* Packet.cpp in Sources */,
				4CD999FD1BA7446200B51452 /* SpawnPositionPacket.cpp in Sources */,
				4CC8B8521B9388A3009594E4 /* HandshakePacket.cpp in Sources */,
				4C07E8F51B978F8A00479AF1 /* JoinGamePacket.cpp in Sources */,
				4C5373521B94C2D6003EF834 /* LoginStartPacket.cpp in Sources */,
				4C69EC341BA64A9500EAD450 /* KeepAlivePacket.cpp in Sources */,
				4C483D851BAA346B00E812AD /* ChatMessagePacket.cpp in Sources */,
				4CD99A031BA74FC500B51452 /* PlayerPositionAndLookPacket.cpp in Sources */,
				4C07E8F11B978DBA00479AF1 /* SetCompressionPacket.cpp in Sources */,
			);
			runOnlyForDeploymentPostprocessing = 0;
		};
/* End PBXSourcesBuildPhase section */

/* Begin XCBuildConfiguration section */
		4CC8B8331B938834009594E4 /* Debug */ = {
			isa = XCBuildConfiguration;
			buildSettings = {
				ALWAYS_SEARCH_USER_PATHS = NO;
				CLANG_CXX_LANGUAGE_STANDARD = "gnu++0x";
				CLANG_CXX_LIBRARY = "libc++";
				CLANG_ENABLE_MODULES = YES;
				CLANG_ENABLE_OBJC_ARC = YES;
				CLANG_WARN_BOOL_CONVERSION = YES;
				CLANG_WARN_CONSTANT_CONVERSION = YES;
				CLANG_WARN_DIRECT_OBJC_ISA_USAGE = YES_ERROR;
				CLANG_WARN_EMPTY_BODY = YES;
				CLANG_WARN_ENUM_CONVERSION = YES;
				CLANG_WARN_INT_CONVERSION = YES;
				CLANG_WARN_OBJC_ROOT_CLASS = YES_ERROR;
				CLANG_WARN_UNREACHABLE_CODE = YES;
				CLANG_WARN__DUPLICATE_METHOD_MATCH = YES;
				COPY_PHASE_STRIP = NO;
				DEBUG_INFORMATION_FORMAT = dwarf;
				ENABLE_STRICT_OBJC_MSGSEND = YES;
				ENABLE_TESTABILITY = YES;
				GCC_C_LANGUAGE_STANDARD = gnu99;
				GCC_DYNAMIC_NO_PIC = NO;
				GCC_NO_COMMON_BLOCKS = YES;
				GCC_OPTIMIZATION_LEVEL = 0;
				GCC_PREPROCESSOR_DEFINITIONS = (
					"ASIO_STANDALONE=1",
					"DEBUG=1",
				);
				GCC_WARN_64_TO_32_BIT_CONVERSION = YES;
				GCC_WARN_ABOUT_RETURN_TYPE = YES_ERROR;
				GCC_WARN_UNDECLARED_SELECTOR = YES;
				GCC_WARN_UNINITIALIZED_AUTOS = YES_AGGRESSIVE;
				GCC_WARN_UNUSED_FUNCTION = YES;
				GCC_WARN_UNUSED_VARIABLE = YES;
				MACOSX_DEPLOYMENT_TARGET = 10.11;
				MTL_ENABLE_DEBUG_INFO = YES;
				ONLY_ACTIVE_ARCH = YES;
				SDKROOT = macosx;
			};
			name = Debug;
		};
		4CC8B8341B938834009594E4 /* Release */ = {
			isa = XCBuildConfiguration;
			buildSettings = {
				ALWAYS_SEARCH_USER_PATHS = NO;
				CLANG_CXX_LANGUAGE_STANDARD = "gnu++0x";
				CLANG_CXX_LIBRARY = "libc++";
				CLANG_ENABLE_MODULES = YES;
				CLANG_ENABLE_OBJC_ARC = YES;
				CLANG_WARN_BOOL_CONVERSION = YES;
				CLANG_WARN_CONSTANT_CONVERSION = YES;
				CLANG_WARN_DIRECT_OBJC_ISA_USAGE = YES_ERROR;
				CLANG_WARN_EMPTY_BODY = YES;
				CLANG_WARN_ENUM_CONVERSION = YES;
				CLANG_WARN_INT_CONVERSION = YES;
				CLANG_WARN_OBJC_ROOT_CLASS = YES_ERROR;
				CLANG_WARN_UNREACHABLE_CODE = YES;
				CLANG_WARN__DUPLICATE_METHOD_MATCH = YES;
				COPY_PHASE_STRIP = NO;
				DEBUG_INFORMATION_FORMAT = "dwarf-with-dsym";
				ENABLE_NS_ASSERTIONS = NO;
				ENABLE_STRICT_OBJC_MSGSEND = YES;
				GCC_C_LANGUAGE_STANDARD = gnu99;
				GCC_NO_COMMON_BLOCKS = YES;
				GCC_PREPROCESSOR_DEFINITIONS = "ASIO_STANDALONE=1";
				GCC_WARN_64_TO_32_BIT_CONVERSION = YES;
				GCC_WARN_ABOUT_RETURN_TYPE = YES_ERROR;
				GCC_WARN_UNDECLARED_SELECTOR = YES;
				GCC_WARN_UNINITIALIZED_AUTOS = YES_AGGRESSIVE;
				GCC_WARN_UNUSED_FUNCTION = YES;
				GCC_WARN_UNUSED_VARIABLE = YES;
				MACOSX_DEPLOYMENT_TARGET = 10.11;
				MTL_ENABLE_DEBUG_INFO = NO;
				SDKROOT = macosx;
			};
			name = Release;
		};
		4CC8B8361B938834009594E4 /* Debug */ = {
			isa = XCBuildConfiguration;
			buildSettings = {
				EXECUTABLE_PREFIX = lib;
				GCC_ENABLE_CPP_EXCEPTIONS = YES;
				GCC_ENABLE_CPP_RTTI = YES;
				HEADER_SEARCH_PATHS = (
					"$(PROJECT_DIR)/ASIO/asio/include",
					"$(PROJECT_DIR)/BoringSSL/include",
					/usr/include,
				);
				LIBRARY_SEARCH_PATHS = (
					"$(inherited)",
					"$(TARGET_BUILD_DIR)/crypto",
					"$(TARGET_BUILD_DIR)/ssl",
					/usr/local/Cellar/zlib/1.2.8/lib,
				);
				PRODUCT_NAME = "$(TARGET_NAME)";
			};
			name = Debug;
		};
		4CC8B8371B938834009594E4 /* Release */ = {
			isa = XCBuildConfiguration;
			buildSettings = {
				EXECUTABLE_PREFIX = lib;
				GCC_ENABLE_CPP_EXCEPTIONS = YES;
				GCC_ENABLE_CPP_RTTI = YES;
				HEADER_SEARCH_PATHS = (
					"$(PROJECT_DIR)/ASIO/asio/include",
					"$(PROJECT_DIR)/BoringSSL/include",
					/usr/include,
				);
				LIBRARY_SEARCH_PATHS = (
					"$(inherited)",
					"$(TARGET_BUILD_DIR)/crypto",
					"$(TARGET_BUILD_DIR)/ssl",
					/usr/local/Cellar/zlib/1.2.8/lib,
				);
				PRODUCT_NAME = "$(TARGET_NAME)";
			};
			name = Release;
		};
/* End XCBuildConfiguration section */

/* Begin XCConfigurationList section */
		4CC8B8251B938834009594E4 /* Build configuration list for PBXProject "MCPacket" */ = {
			isa = XCConfigurationList;
			buildConfigurations = (
				4CC8B8331B938834009594E4 /* Debug */,
				4CC8B8341B938834009594E4 /* Release */,
			);
			defaultConfigurationIsVisible = 0;
			defaultConfigurationName = Release;
		};
		4CC8B8351B938834009594E4 /* Build configuration list for PBXNativeTarget "MCPacket" */ = {
			isa = XCConfigurationList;
			buildConfigurations = (
				4CC8B8361B938834009594E4 /* Debug */,
				4CC8B8371B938834009594E4 /* Release */,
			);
			defaultConfigurationIsVisible = 0;
			defaultConfigurationName = Release;
		};
/* End XCConfigurationList section */
	};
	rootObject = 4CC8B8221B938834009594E4 /* Project object */;
}
