// !$*UTF8*$!
{
	archiveVersion = 1;
	classes = {
	};
	objectVersion = 46;
	objects = {

/* Begin PBXBuildFile section */
		4C1344001B8E6F8200CCD7F4 /* ClientServer.cpp in Sources */ = {isa = PBXBuildFile; fileRef = 4C1343FE1B8E6F8200CCD7F4 /* ClientServer.cpp */; };
		4C4D0AC81B9A3ADA003905F1 /* GameState.cpp in Sources */ = {isa = PBXBuildFile; fileRef = 4C4D0AC61B9A3ADA003905F1 /* GameState.cpp */; };
		4C6FF3BD1B9A3EA4008196C7 /* EntityBase.cpp in Sources */ = {isa = PBXBuildFile; fileRef = 4C6FF3BB1B9A3EA4008196C7 /* EntityBase.cpp */; };
		4C6FF3C01B9A3EE6008196C7 /* EntityLiving.cpp in Sources */ = {isa = PBXBuildFile; fileRef = 4C6FF3BE1B9A3EE6008196C7 /* EntityLiving.cpp */; };
		4C6FF3C31B9A3F2A008196C7 /* EntityPlayer.cpp in Sources */ = {isa = PBXBuildFile; fileRef = 4C6FF3C11B9A3F2A008196C7 /* EntityPlayer.cpp */; };
		4C80FC381B9DD9F900048972 /* libInternalComms.a in Frameworks */ = {isa = PBXBuildFile; fileRef = 4C80FC371B9DD9F900048972 /* libInternalComms.a */; };
		4CEC40151B8E6F1B00F99F03 /* main.cpp in Sources */ = {isa = PBXBuildFile; fileRef = 4CEC40141B8E6F1B00F99F03 /* main.cpp */; };
/* End PBXBuildFile section */

/* Begin PBXCopyFilesBuildPhase section */
		4CEC400F1B8E6F1B00F99F03 /* CopyFiles */ = {
			isa = PBXCopyFilesBuildPhase;
			buildActionMask = 2147483647;
			dstPath = /usr/share/man/man1/;
			dstSubfolderSpec = 0;
			files = (
			);
			runOnlyForDeploymentPostprocessing = 1;
		};
/* End PBXCopyFilesBuildPhase section */

/* Begin PBXFileReference section */
		4C1343FE1B8E6F8200CCD7F4 /* ClientServer.cpp */ = {isa = PBXFileReference; fileEncoding = 4; lastKnownFileType = sourcecode.cpp.cpp; path = ClientServer.cpp; sourceTree = "<group>"; };
		4C1343FF1B8E6F8200CCD7F4 /* ClientServer.hpp */ = {isa = PBXFileReference; fileEncoding = 4; lastKnownFileType = sourcecode.cpp.h; path = ClientServer.hpp; sourceTree = "<group>"; };
		4C4D0AC61B9A3ADA003905F1 /* GameState.cpp */ = {isa = PBXFileReference; fileEncoding = 4; lastKnownFileType = sourcecode.cpp.cpp; path = GameState.cpp; sourceTree = "<group>"; };
		4C4D0AC71B9A3ADA003905F1 /* GameState.hpp */ = {isa = PBXFileReference; fileEncoding = 4; lastKnownFileType = sourcecode.cpp.h; path = GameState.hpp; sourceTree = "<group>"; };
		4C6FF3B91B9A3C5A008196C7 /* Bitfield.hpp */ = {isa = PBXFileReference; lastKnownFileType = sourcecode.cpp.h; path = Bitfield.hpp; sourceTree = "<group>"; };
		4C6FF3BB1B9A3EA4008196C7 /* EntityBase.cpp */ = {isa = PBXFileReference; fileEncoding = 4; lastKnownFileType = sourcecode.cpp.cpp; path = EntityBase.cpp; sourceTree = "<group>"; };
		4C6FF3BC1B9A3EA4008196C7 /* EntityBase.hpp */ = {isa = PBXFileReference; fileEncoding = 4; lastKnownFileType = sourcecode.cpp.h; path = EntityBase.hpp; sourceTree = "<group>"; };
		4C6FF3BE1B9A3EE6008196C7 /* EntityLiving.cpp */ = {isa = PBXFileReference; fileEncoding = 4; lastKnownFileType = sourcecode.cpp.cpp; path = EntityLiving.cpp; sourceTree = "<group>"; };
		4C6FF3BF1B9A3EE6008196C7 /* EntityLiving.hpp */ = {isa = PBXFileReference; fileEncoding = 4; lastKnownFileType = sourcecode.cpp.h; path = EntityLiving.hpp; sourceTree = "<group>"; };
		4C6FF3C11B9A3F2A008196C7 /* EntityPlayer.cpp */ = {isa = PBXFileReference; fileEncoding = 4; lastKnownFileType = sourcecode.cpp.cpp; path = EntityPlayer.cpp; sourceTree = "<group>"; };
		4C6FF3C21B9A3F2A008196C7 /* EntityPlayer.hpp */ = {isa = PBXFileReference; fileEncoding = 4; lastKnownFileType = sourcecode.cpp.h; path = EntityPlayer.hpp; sourceTree = "<group>"; };
		4C80FC371B9DD9F900048972 /* libInternalComms.a */ = {isa = PBXFileReference; lastKnownFileType = archive.ar; name = libInternalComms.a; path = build/Debug/libInternalComms.a; sourceTree = "<group>"; };
		4CEC40111B8E6F1B00F99F03 /* Client Server */ = {isa = PBXFileReference; explicitFileType = "compiled.mach-o.executable"; includeInIndex = 0; path = "Client Server"; sourceTree = BUILT_PRODUCTS_DIR; };
		4CEC40141B8E6F1B00F99F03 /* main.cpp */ = {isa = PBXFileReference; lastKnownFileType = sourcecode.cpp.cpp; path = main.cpp; sourceTree = "<group>"; };
/* End PBXFileReference section */

/* Begin PBXFrameworksBuildPhase section */
		4CEC400E1B8E6F1B00F99F03 /* Frameworks */ = {
			isa = PBXFrameworksBuildPhase;
			buildActionMask = 2147483647;
			files = (
				4C80FC381B9DD9F900048972 /* libInternalComms.a in Frameworks */,
			);
			runOnlyForDeploymentPostprocessing = 0;
		};
/* End PBXFrameworksBuildPhase section */

/* Begin PBXGroup section */
		4C6FF3BA1B9A3E95008196C7 /* Entites */ = {
			isa = PBXGroup;
			children = (
				4C6FF3BB1B9A3EA4008196C7 /* EntityBase.cpp */,
				4C6FF3BC1B9A3EA4008196C7 /* EntityBase.hpp */,
				4C6FF3BE1B9A3EE6008196C7 /* EntityLiving.cpp */,
				4C6FF3BF1B9A3EE6008196C7 /* EntityLiving.hpp */,
				4C6FF3C11B9A3F2A008196C7 /* EntityPlayer.cpp */,
				4C6FF3C21B9A3F2A008196C7 /* EntityPlayer.hpp */,
			);
			name = Entites;
			sourceTree = "<group>";
		};
		4C80FC391B9DDA0100048972 /* Libraries */ = {
			isa = PBXGroup;
			children = (
				4C80FC371B9DD9F900048972 /* libInternalComms.a */,
			);
			name = Libraries;
			sourceTree = "<group>";
		};
		4CEC40081B8E6F1B00F99F03 = {
			isa = PBXGroup;
			children = (
				4CEC40131B8E6F1B00F99F03 /* Client Server */,
				4CEC40121B8E6F1B00F99F03 /* Products */,
				4C80FC391B9DDA0100048972 /* Libraries */,
			);
			sourceTree = "<group>";
		};
		4CEC40121B8E6F1B00F99F03 /* Products */ = {
			isa = PBXGroup;
			children = (
				4CEC40111B8E6F1B00F99F03 /* Client Server */,
			);
			name = Products;
			sourceTree = "<group>";
		};
		4CEC40131B8E6F1B00F99F03 /* Client Server */ = {
			isa = PBXGroup;
			children = (
				4C6FF3BA1B9A3E95008196C7 /* Entites */,
				4CEC40141B8E6F1B00F99F03 /* main.cpp */,
				4C1343FE1B8E6F8200CCD7F4 /* ClientServer.cpp */,
				4C1343FF1B8E6F8200CCD7F4 /* ClientServer.hpp */,
				4C4D0AC61B9A3ADA003905F1 /* GameState.cpp */,
				4C4D0AC71B9A3ADA003905F1 /* GameState.hpp */,
				4C6FF3B91B9A3C5A008196C7 /* Bitfield.hpp */,
			);
			path = "Client Server";
			sourceTree = "<group>";
		};
/* End PBXGroup section */

/* Begin PBXNativeTarget section */
		4CEC40101B8E6F1B00F99F03 /* Client Server */ = {
			isa = PBXNativeTarget;
			buildConfigurationList = 4CEC40181B8E6F1B00F99F03 /* Build configuration list for PBXNativeTarget "Client Server" */;
			buildPhases = (
				4CEC400D1B8E6F1B00F99F03 /* Sources */,
				4CEC400E1B8E6F1B00F99F03 /* Frameworks */,
				4CEC400F1B8E6F1B00F99F03 /* CopyFiles */,
			);
			buildRules = (
			);
			dependencies = (
			);
			name = "Client Server";
			productName = "Client Server";
			productReference = 4CEC40111B8E6F1B00F99F03 /* Client Server */;
			productType = "com.apple.product-type.tool";
		};
/* End PBXNativeTarget section */

/* Begin PBXProject section */
		4CEC40091B8E6F1B00F99F03 /* Project object */ = {
			isa = PBXProject;
			attributes = {
				LastUpgradeCheck = 0700;
				ORGANIZATIONNAME = "Andrew Querol";
				TargetAttributes = {
					4CEC40101B8E6F1B00F99F03 = {
						CreatedOnToolsVersion = 7.0;
					};
				};
			};
			buildConfigurationList = 4CEC400C1B8E6F1B00F99F03 /* Build configuration list for PBXProject "Client Server" */;
			compatibilityVersion = "Xcode 3.2";
			developmentRegion = English;
			hasScannedForEncodings = 0;
			knownRegions = (
				en,
			);
			mainGroup = 4CEC40081B8E6F1B00F99F03;
			productRefGroup = 4CEC40121B8E6F1B00F99F03 /* Products */;
			projectDirPath = "";
			projectRoot = "";
			targets = (
				4CEC40101B8E6F1B00F99F03 /* Client Server */,
			);
		};
/* End PBXProject section */

/* Begin PBXSourcesBuildPhase section */
		4CEC400D1B8E6F1B00F99F03 /* Sources */ = {
			isa = PBXSourcesBuildPhase;
			buildActionMask = 2147483647;
			files = (
				4C6FF3BD1B9A3EA4008196C7 /* EntityBase.cpp in Sources */,
				4CEC40151B8E6F1B00F99F03 /* main.cpp in Sources */,
				4C4D0AC81B9A3ADA003905F1 /* GameState.cpp in Sources */,
				4C6FF3C31B9A3F2A008196C7 /* EntityPlayer.cpp in Sources */,
				4C1344001B8E6F8200CCD7F4 /* ClientServer.cpp in Sources */,
				4C6FF3C01B9A3EE6008196C7 /* EntityLiving.cpp in Sources */,
			);
			runOnlyForDeploymentPostprocessing = 0;
		};
/* End PBXSourcesBuildPhase section */

/* Begin XCBuildConfiguration section */
		4CEC40161B8E6F1B00F99F03 /* Debug */ = {
			isa = XCBuildConfiguration;
			buildSettings = {
				ALWAYS_SEARCH_USER_PATHS = NO;
				CLANG_CXX_LANGUAGE_STANDARD = "gnu++0x";
				CLANG_CXX_LIBRARY = "libc++";
				CLANG_ENABLE_MODULES = YES;
				CLANG_ENABLE_OBJC_ARC = YES;
				CLANG_WARN_BOOL_CONVERSION = YES;
				CLANG_WARN_CONSTANT_CONVERSION = YES;
				CLANG_WARN_DIRECT_OBJC_ISA_USAGE = YES_ERROR;
				CLANG_WARN_EMPTY_BODY = YES;
				CLANG_WARN_ENUM_CONVERSION = YES;
				CLANG_WARN_INT_CONVERSION = YES;
				CLANG_WARN_OBJC_ROOT_CLASS = YES_ERROR;
				CLANG_WARN_UNREACHABLE_CODE = YES;
				CLANG_WARN__DUPLICATE_METHOD_MATCH = YES;
				COPY_PHASE_STRIP = NO;
				DEBUG_INFORMATION_FORMAT = dwarf;
				ENABLE_STRICT_OBJC_MSGSEND = YES;
				ENABLE_TESTABILITY = YES;
				GCC_C_LANGUAGE_STANDARD = gnu99;
				GCC_DYNAMIC_NO_PIC = NO;
				GCC_NO_COMMON_BLOCKS = YES;
				GCC_OPTIMIZATION_LEVEL = 0;
				GCC_PREPROCESSOR_DEFINITIONS = (
					"DEBUG=1",
					"$(inherited)",
					"ASIO_STANDALONE=1",
				);
				GCC_WARN_64_TO_32_BIT_CONVERSION = YES;
				GCC_WARN_ABOUT_RETURN_TYPE = YES_ERROR;
				GCC_WARN_UNDECLARED_SELECTOR = YES;
				GCC_WARN_UNINITIALIZED_AUTOS = YES_AGGRESSIVE;
				GCC_WARN_UNUSED_FUNCTION = YES;
				GCC_WARN_UNUSED_VARIABLE = YES;
				HEADER_SEARCH_PATHS = (
					"$(PROJECT_DIR)/ASIO/asio/include",
					"$(PROJECT_DIR)/InternalComms",
				);
				MACOSX_DEPLOYMENT_TARGET = 10.11;
				MTL_ENABLE_DEBUG_INFO = YES;
				ONLY_ACTIVE_ARCH = YES;
				SDKROOT = macosx;
			};
			name = Debug;
		};
		4CEC40171B8E6F1B00F99F03 /* Release */ = {
			isa = XCBuildConfiguration;
			buildSettings = {
				ALWAYS_SEARCH_USER_PATHS = NO;
				CLANG_CXX_LANGUAGE_STANDARD = "gnu++0x";
				CLANG_CXX_LIBRARY = "libc++";
				CLANG_ENABLE_MODULES = YES;
				CLANG_ENABLE_OBJC_ARC = YES;
				CLANG_WARN_BOOL_CONVERSION = YES;
				CLANG_WARN_CONSTANT_CONVERSION = YES;
				CLANG_WARN_DIRECT_OBJC_ISA_USAGE = YES_ERROR;
				CLANG_WARN_EMPTY_BODY = YES;
				CLANG_WARN_ENUM_CONVERSION = YES;
				CLANG_WARN_INT_CONVERSION = YES;
				CLANG_WARN_OBJC_ROOT_CLASS = YES_ERROR;
				CLANG_WARN_UNREACHABLE_CODE = YES;
				CLANG_WARN__DUPLICATE_METHOD_MATCH = YES;
				COPY_PHASE_STRIP = NO;
				DEBUG_INFORMATION_FORMAT = "dwarf-with-dsym";
				ENABLE_NS_ASSERTIONS = NO;
				ENABLE_STRICT_OBJC_MSGSEND = YES;
				GCC_C_LANGUAGE_STANDARD = gnu99;
				GCC_NO_COMMON_BLOCKS = YES;
				GCC_PREPROCESSOR_DEFINITIONS = "ASIO_STANDALONE=1";
				GCC_WARN_64_TO_32_BIT_CONVERSION = YES;
				GCC_WARN_ABOUT_RETURN_TYPE = YES_ERROR;
				GCC_WARN_UNDECLARED_SELECTOR = YES;
				GCC_WARN_UNINITIALIZED_AUTOS = YES_AGGRESSIVE;
				GCC_WARN_UNUSED_FUNCTION = YES;
				GCC_WARN_UNUSED_VARIABLE = YES;
				HEADER_SEARCH_PATHS = (
					"$(PROJECT_DIR)/ASIO/asio/include",
					"$(PROJECT_DIR)/InternalComms",
				);
				MACOSX_DEPLOYMENT_TARGET = 10.11;
				MTL_ENABLE_DEBUG_INFO = NO;
				SDKROOT = macosx;
			};
			name = Release;
		};
		4CEC40191B8E6F1B00F99F03 /* Debug */ = {
			isa = XCBuildConfiguration;
			buildSettings = {
				LIBRARY_SEARCH_PATHS = (
					"$(inherited)",
					"$(PROJECT_DIR)/build/Debug",
				);
				PRODUCT_NAME = "$(TARGET_NAME)";
			};
			name = Debug;
		};
		4CEC401A1B8E6F1B00F99F03 /* Release */ = {
			isa = XCBuildConfiguration;
			buildSettings = {
				LIBRARY_SEARCH_PATHS = (
					"$(inherited)",
					"$(PROJECT_DIR)/build/Debug",
				);
				PRODUCT_NAME = "$(TARGET_NAME)";
			};
			name = Release;
		};
/* End XCBuildConfiguration section */

/* Begin XCConfigurationList section */
		4CEC400C1B8E6F1B00F99F03 /* Build configuration list for PBXProject "Client Server" */ = {
			isa = XCConfigurationList;
			buildConfigurations = (
				4CEC40161B8E6F1B00F99F03 /* Debug */,
				4CEC40171B8E6F1B00F99F03 /* Release */,
			);
			defaultConfigurationIsVisible = 0;
			defaultConfigurationName = Release;
		};
		4CEC40181B8E6F1B00F99F03 /* Build configuration list for PBXNativeTarget "Client Server" */ = {
			isa = XCConfigurationList;
			buildConfigurations = (
				4CEC40191B8E6F1B00F99F03 /* Debug */,
				4CEC401A1B8E6F1B00F99F03 /* Release */,
			);
			defaultConfigurationIsVisible = 0;
			defaultConfigurationName = Release;
		};
/* End XCConfigurationList section */
	};
	rootObject = 4CEC40091B8E6F1B00F99F03 /* Project object */;
}
