// !$*UTF8*$!
{
	archiveVersion = 1;
	classes = {
	};
	objectVersion = 46;
	objects = {

/* Begin PBXBuildFile section */
		4C7FBCCE1B98BBED00413118 /* libz.1.dylib in Frameworks */ = {isa = PBXBuildFile; fileRef = 4C7FBCCD1B98BBED00413118 /* libz.1.dylib */; };
		4C80FC3B1B9DDA2600048972 /* libInternalComms.a in Frameworks */ = {isa = PBXBuildFile; fileRef = 4C80FC3A1B9DDA2600048972 /* libInternalComms.a */; };
		4CB0C5691B90FC0600B65AE7 /* Client.cpp in Sources */ = {isa = PBXBuildFile; fileRef = 4CB0C5671B90FC0600B65AE7 /* Client.cpp */; };
		4CBC84031B8E2270009CFAFF /* main.cpp in Sources */ = {isa = PBXBuildFile; fileRef = 4CBC84021B8E2270009CFAFF /* main.cpp */; };
		4CBC840B1B8E229B009CFAFF /* LoginServer.cpp in Sources */ = {isa = PBXBuildFile; fileRef = 4CBC84091B8E229B009CFAFF /* LoginServer.cpp */; };
		4CBFEBC21B9608DA000C258C /* libcrypto.a in Frameworks */ = {isa = PBXBuildFile; fileRef = 4CBFEBC01B9608DA000C258C /* libcrypto.a */; };
		4CBFEBC31B9608DA000C258C /* libssl.a in Frameworks */ = {isa = PBXBuildFile; fileRef = 4CBFEBC11B9608DA000C258C /* libssl.a */; };
		4CC8B85D1B938E2F009594E4 /* libMCPacket.a in Frameworks */ = {isa = PBXBuildFile; fileRef = 4CC8B85C1B938E2F009594E4 /* libMCPacket.a */; };
		4CC8B8601B93AF6A009594E4 /* ClientServer.cpp in Sources */ = {isa = PBXBuildFile; fileRef = 4CC8B85E1B93AF6A009594E4 /* ClientServer.cpp */; };
/* End PBXBuildFile section */

/* Begin PBXBuildRule section */
		4C0978DB1B90BBFF008A0005 /* PBXBuildRule */ = {
			isa = PBXBuildRule;
			compilerSpec = com.apple.compilers.proxy.script;
			filePatterns = "*.proto";
			fileType = pattern.proxy;
			isEditable = 1;
			name = "Google ProtoBuf";
			outputFiles = (
				"$(INPUT_FILE_DIR)/$(INPUT_FILE_BASE).pb.cc",
				"$(INPUT_FILE_DIR)/$(INPUT_FILE_BASE).pb.h",
			);
			script = "cd $INPUT_FILE_DIR\nprotoc --proto_path=$INPUT_FILE_DIR --cpp_out=$INPUT_FILE_DIR $INPUT_FILE_DIR/$INPUT_FILE_NAME";
		};
/* End PBXBuildRule section */

/* Begin PBXCopyFilesBuildPhase section */
		4CBC83FD1B8E2270009CFAFF /* CopyFiles */ = {
			isa = PBXCopyFilesBuildPhase;
			buildActionMask = 2147483647;
			dstPath = /usr/share/man/man1/;
			dstSubfolderSpec = 0;
			files = (
			);
			runOnlyForDeploymentPostprocessing = 1;
		};
/* End PBXCopyFilesBuildPhase section */

/* Begin PBXFileReference section */
		4C53734F1B94AC19003EF834 /* ClientOwner.hpp */ = {isa = PBXFileReference; lastKnownFileType = sourcecode.cpp.h; path = ClientOwner.hpp; sourceTree = "<group>"; };
		4C7FBCCD1B98BBED00413118 /* libz.1.dylib */ = {isa = PBXFileReference; lastKnownFileType = "compiled.mach-o.dylib"; name = libz.1.dylib; path = /usr/lib/libz.1.dylib; sourceTree = "<absolute>"; };
		4C80FC3A1B9DDA2600048972 /* libInternalComms.a */ = {isa = PBXFileReference; lastKnownFileType = archive.ar; name = libInternalComms.a; path = build/Debug/libInternalComms.a; sourceTree = "<group>"; };
		4CB0C5671B90FC0600B65AE7 /* Client.cpp */ = {isa = PBXFileReference; fileEncoding = 4; lastKnownFileType = sourcecode.cpp.cpp; path = Client.cpp; sourceTree = "<group>"; };
		4CB0C5681B90FC0600B65AE7 /* Client.hpp */ = {isa = PBXFileReference; fileEncoding = 4; lastKnownFileType = sourcecode.cpp.h; path = Client.hpp; sourceTree = "<group>"; };
		4CBC83FF1B8E2270009CFAFF /* LoginHandler */ = {isa = PBXFileReference; explicitFileType = "compiled.mach-o.executable"; includeInIndex = 0; path = LoginHandler; sourceTree = BUILT_PRODUCTS_DIR; };
		4CBC84021B8E2270009CFAFF /* main.cpp */ = {isa = PBXFileReference; lastKnownFileType = sourcecode.cpp.cpp; path = main.cpp; sourceTree = "<group>"; };
		4CBC84091B8E229B009CFAFF /* LoginServer.cpp */ = {isa = PBXFileReference; fileEncoding = 4; lastKnownFileType = sourcecode.cpp.cpp; path = LoginServer.cpp; sourceTree = "<group>"; };
		4CBC840A1B8E229B009CFAFF /* LoginServer.hpp */ = {isa = PBXFileReference; fileEncoding = 4; lastKnownFileType = sourcecode.cpp.h; path = LoginServer.hpp; sourceTree = "<group>"; };
		4CBFEBC01B9608DA000C258C /* libcrypto.a */ = {isa = PBXFileReference; lastKnownFileType = archive.ar; name = libcrypto.a; path = build/Debug/crypto/libcrypto.a; sourceTree = "<group>"; };
		4CBFEBC11B9608DA000C258C /* libssl.a */ = {isa = PBXFileReference; lastKnownFileType = archive.ar; name = libssl.a; path = build/Debug/ssl/libssl.a; sourceTree = "<group>"; };
		4CC8B85C1B938E2F009594E4 /* libMCPacket.a */ = {isa = PBXFileReference; lastKnownFileType = archive.ar; name = libMCPacket.a; path = build/Debug/libMCPacket.a; sourceTree = "<group>"; };
		4CC8B85E1B93AF6A009594E4 /* ClientServer.cpp */ = {isa = PBXFileReference; fileEncoding = 4; lastKnownFileType = sourcecode.cpp.cpp; path = ClientServer.cpp; sourceTree = "<group>"; };
		4CC8B85F1B93AF6A009594E4 /* ClientServer.hpp */ = {isa = PBXFileReference; fileEncoding = 4; lastKnownFileType = sourcecode.cpp.h; path = ClientServer.hpp; sourceTree = "<group>"; };
		4CC8B8611B93C79B009594E4 /* RandomSelect.hpp */ = {isa = PBXFileReference; lastKnownFileType = sourcecode.cpp.h; path = RandomSelect.hpp; sourceTree = "<group>"; };
/* End PBXFileReference section */

/* Begin PBXFrameworksBuildPhase section */
		4CBC83FC1B8E2270009CFAFF /* Frameworks */ = {
			isa = PBXFrameworksBuildPhase;
			buildActionMask = 2147483647;
			files = (
				4CC8B85D1B938E2F009594E4 /* libMCPacket.a in Frameworks */,
				4CBFEBC21B9608DA000C258C /* libcrypto.a in Frameworks */,
				4C80FC3B1B9DDA2600048972 /* libInternalComms.a in Frameworks */,
				4C7FBCCE1B98BBED00413118 /* libz.1.dylib in Frameworks */,
				4CBFEBC31B9608DA000C258C /* libssl.a in Frameworks */,
			);
			runOnlyForDeploymentPostprocessing = 0;
		};
/* End PBXFrameworksBuildPhase section */

/* Begin PBXGroup section */
		4C10B49A1B8F8FF800C497B1 /* Libraries */ = {
			isa = PBXGroup;
			children = (
				4C80FC3A1B9DDA2600048972 /* libInternalComms.a */,
				4C7FBCCD1B98BBED00413118 /* libz.1.dylib */,
				4CBFEBC01B9608DA000C258C /* libcrypto.a */,
				4CBFEBC11B9608DA000C258C /* libssl.a */,
				4CC8B85C1B938E2F009594E4 /* libMCPacket.a */,
			);
			name = Libraries;
			sourceTree = "<group>";
		};
		4CBC83F61B8E2270009CFAFF = {
			isa = PBXGroup;
			children = (
				4CBC84011B8E2270009CFAFF /* LoginHandler */,
				4CBC84001B8E2270009CFAFF /* Products */,
				4C10B49A1B8F8FF800C497B1 /* Libraries */,
			);
			sourceTree = "<group>";
		};
		4CBC84001B8E2270009CFAFF /* Products */ = {
			isa = PBXGroup;
			children = (
				4CBC83FF1B8E2270009CFAFF /* LoginHandler */,
			);
			name = Products;
			sourceTree = "<group>";
		};
		4CBC84011B8E2270009CFAFF /* LoginHandler */ = {
			isa = PBXGroup;
			children = (
				4CBC84021B8E2270009CFAFF /* main.cpp */,
				4CBC84091B8E229B009CFAFF /* LoginServer.cpp */,
				4CBC840A1B8E229B009CFAFF /* LoginServer.hpp */,
				4CC8B85E1B93AF6A009594E4 /* ClientServer.cpp */,
				4CC8B85F1B93AF6A009594E4 /* ClientServer.hpp */,
				4CB0C5671B90FC0600B65AE7 /* Client.cpp */,
				4CB0C5681B90FC0600B65AE7 /* Client.hpp */,
				4CC8B8611B93C79B009594E4 /* RandomSelect.hpp */,
				4C53734F1B94AC19003EF834 /* ClientOwner.hpp */,
			);
			path = LoginHandler;
			sourceTree = "<group>";
		};
/* End PBXGroup section */

/* Begin PBXNativeTarget section */
		4CBC83FE1B8E2270009CFAFF /* LoginHandler */ = {
			isa = PBXNativeTarget;
			buildConfigurationList = 4CBC84061B8E2270009CFAFF /* Build configuration list for PBXNativeTarget "LoginHandler" */;
			buildPhases = (
				4CBC83FB1B8E2270009CFAFF /* Sources */,
				4CBC83FC1B8E2270009CFAFF /* Frameworks */,
				4CBC83FD1B8E2270009CFAFF /* CopyFiles */,
			);
			buildRules = (
				4C0978DB1B90BBFF008A0005 /* PBXBuildRule */,
			);
			dependencies = (
			);
			name = LoginHandler;
			productName = LoginHandler;
			productReference = 4CBC83FF1B8E2270009CFAFF /* LoginHandler */;
			productType = "com.apple.product-type.tool";
		};
/* End PBXNativeTarget section */

/* Begin PBXProject section */
		4CBC83F71B8E2270009CFAFF /* Project object */ = {
			isa = PBXProject;
			attributes = {
				LastUpgradeCheck = 0700;
				ORGANIZATIONNAME = "Andrew Querol";
				TargetAttributes = {
					4CBC83FE1B8E2270009CFAFF = {
						CreatedOnToolsVersion = 7.0;
					};
				};
			};
			buildConfigurationList = 4CBC83FA1B8E2270009CFAFF /* Build configuration list for PBXProject "LoginHandler" */;
			compatibilityVersion = "Xcode 3.2";
			developmentRegion = English;
			hasScannedForEncodings = 0;
			knownRegions = (
				en,
			);
			mainGroup = 4CBC83F61B8E2270009CFAFF;
			productRefGroup = 4CBC84001B8E2270009CFAFF /* Products */;
			projectDirPath = "";
			projectRoot = "";
			targets = (
				4CBC83FE1B8E2270009CFAFF /* LoginHandler */,
			);
		};
/* End PBXProject section */

/* Begin PBXSourcesBuildPhase section */
		4CBC83FB1B8E2270009CFAFF /* Sources */ = {
			isa = PBXSourcesBuildPhase;
			buildActionMask = 2147483647;
			files = (
				4CBC840B1B8E229B009CFAFF /* LoginServer.cpp in Sources */,
				4CB0C5691B90FC0600B65AE7 /* Client.cpp in Sources */,
				4CBC84031B8E2270009CFAFF /* main.cpp in Sources */,
				4CC8B8601B93AF6A009594E4 /* ClientServer.cpp in Sources */,
			);
			runOnlyForDeploymentPostprocessing = 0;
		};
/* End PBXSourcesBuildPhase section */

/* Begin XCBuildConfiguration section */
		4CBC84041B8E2270009CFAFF /* Debug */ = {
			isa = XCBuildConfiguration;
			buildSettings = {
				ALWAYS_SEARCH_USER_PATHS = NO;
				CLANG_CXX_LANGUAGE_STANDARD = "gnu++0x";
				CLANG_CXX_LIBRARY = "libc++";
				CLANG_ENABLE_MODULES = YES;
				CLANG_ENABLE_OBJC_ARC = YES;
				CLANG_WARN_BOOL_CONVERSION = YES;
				CLANG_WARN_CONSTANT_CONVERSION = YES;
				CLANG_WARN_DIRECT_OBJC_ISA_USAGE = YES_ERROR;
				CLANG_WARN_EMPTY_BODY = YES;
				CLANG_WARN_ENUM_CONVERSION = YES;
				CLANG_WARN_INT_CONVERSION = YES;
				CLANG_WARN_OBJC_ROOT_CLASS = YES_ERROR;
				CLANG_WARN_UNREACHABLE_CODE = YES;
				CLANG_WARN__DUPLICATE_METHOD_MATCH = YES;
				COPY_PHASE_STRIP = NO;
				DEBUG_INFORMATION_FORMAT = dwarf;
				ENABLE_STRICT_OBJC_MSGSEND = YES;
				ENABLE_TESTABILITY = YES;
				GCC_C_LANGUAGE_STANDARD = gnu99;
				GCC_DYNAMIC_NO_PIC = NO;
				GCC_NO_COMMON_BLOCKS = YES;
				GCC_OPTIMIZATION_LEVEL = 0;
				GCC_PREPROCESSOR_DEFINITIONS = (
					"DEBUG=1",
					"$(inherited)",
				);
				GCC_WARN_64_TO_32_BIT_CONVERSION = YES;
				GCC_WARN_ABOUT_RETURN_TYPE = YES_ERROR;
				GCC_WARN_UNDECLARED_SELECTOR = YES;
				GCC_WARN_UNINITIALIZED_AUTOS = YES_AGGRESSIVE;
				GCC_WARN_UNUSED_FUNCTION = YES;
				GCC_WARN_UNUSED_VARIABLE = YES;
				MACOSX_DEPLOYMENT_TARGET = 10.11;
				MTL_ENABLE_DEBUG_INFO = YES;
				ONLY_ACTIVE_ARCH = YES;
				SDKROOT = macosx;
			};
			name = Debug;
		};
		4CBC84051B8E2270009CFAFF /* Release */ = {
			isa = XCBuildConfiguration;
			buildSettings = {
				ALWAYS_SEARCH_USER_PATHS = NO;
				CLANG_CXX_LANGUAGE_STANDARD = "gnu++0x";
				CLANG_CXX_LIBRARY = "libc++";
				CLANG_ENABLE_MODULES = YES;
				CLANG_ENABLE_OBJC_ARC = YES;
				CLANG_WARN_BOOL_CONVERSION = YES;
				CLANG_WARN_CONSTANT_CONVERSION = YES;
				CLANG_WARN_DIRECT_OBJC_ISA_USAGE = YES_ERROR;
				CLANG_WARN_EMPTY_BODY = YES;
				CLANG_WARN_ENUM_CONVERSION = YES;
				CLANG_WARN_INT_CONVERSION = YES;
				CLANG_WARN_OBJC_ROOT_CLASS = YES_ERROR;
				CLANG_WARN_UNREACHABLE_CODE = YES;
				CLANG_WARN__DUPLICATE_METHOD_MATCH = YES;
				COPY_PHASE_STRIP = NO;
				DEBUG_INFORMATION_FORMAT = "dwarf-with-dsym";
				ENABLE_NS_ASSERTIONS = NO;
				ENABLE_STRICT_OBJC_MSGSEND = YES;
				GCC_C_LANGUAGE_STANDARD = gnu99;
				GCC_NO_COMMON_BLOCKS = YES;
				GCC_WARN_64_TO_32_BIT_CONVERSION = YES;
				GCC_WARN_ABOUT_RETURN_TYPE = YES_ERROR;
				GCC_WARN_UNDECLARED_SELECTOR = YES;
				GCC_WARN_UNINITIALIZED_AUTOS = YES_AGGRESSIVE;
				GCC_WARN_UNUSED_FUNCTION = YES;
				GCC_WARN_UNUSED_VARIABLE = YES;
				MACOSX_DEPLOYMENT_TARGET = 10.11;
				MTL_ENABLE_DEBUG_INFO = NO;
				SDKROOT = macosx;
			};
			name = Release;
		};
		4CBC84071B8E2270009CFAFF /* Debug */ = {
			isa = XCBuildConfiguration;
			buildSettings = {
				GCC_PREPROCESSOR_DEFINITIONS = (
					"ASIO_STANDALONE=1",
					"DEBUG=1",
				);
				HEADER_SEARCH_PATHS = (
					"$(PROJECT_DIR)/BoringSSL/include",
					"$(PROJECT_DIR)/ASIO/asio/include",
					"$(PROJECT_DIR)/MCPacket",
					"$(PROJECT_DIR)/RapidJSON/include",
					"$(PROJECT_DIR)/InternalComms",
				);
				LIBRARY_SEARCH_PATHS = (
					"$(inherited)",
					"$(TARGET_BUILD_DIR)/crypto",
					"$(TARGET_BUILD_DIR)/ssl",
					"$(PROJECT_DIR)/build/Debug",
				);
				PRODUCT_NAME = "$(TARGET_NAME)";
			};
			name = Debug;
		};
		4CBC84081B8E2270009CFAFF /* Release */ = {
			isa = XCBuildConfiguration;
			buildSettings = {
				GCC_PREPROCESSOR_DEFINITIONS = "ASIO_STANDALONE=1";
				HEADER_SEARCH_PATHS = (
					"$(PROJECT_DIR)/BoringSSL/include",
					"$(PROJECT_DIR)/ASIO/asio/include",
					"$(PROJECT_DIR)/MCPacket",
					"$(PROJECT_DIR)/RapidJSON/include",
					"$(PROJECT_DIR)/InternalComms",
				);
				LIBRARY_SEARCH_PATHS = (
					"$(inherited)",
					"$(TARGET_BUILD_DIR)/crypto",
					"$(TARGET_BUILD_DIR)/ssl",
					"$(PROJECT_DIR)/build/Debug",
				);
				PRODUCT_NAME = "$(TARGET_NAME)";
			};
			name = Release;
		};
/* End XCBuildConfiguration section */

/* Begin XCConfigurationList section */
		4CBC83FA1B8E2270009CFAFF /* Build configuration list for PBXProject "LoginHandler" */ = {
			isa = XCConfigurationList;
			buildConfigurations = (
				4CBC84041B8E2270009CFAFF /* Debug */,
				4CBC84051B8E2270009CFAFF /* Release */,
			);
			defaultConfigurationIsVisible = 0;
			defaultConfigurationName = Release;
		};
		4CBC84061B8E2270009CFAFF /* Build configuration list for PBXNativeTarget "LoginHandler" */ = {
			isa = XCConfigurationList;
			buildConfigurations = (
				4CBC84071B8E2270009CFAFF /* Debug */,
				4CBC84081B8E2270009CFAFF /* Release */,
			);
			defaultConfigurationIsVisible = 0;
			defaultConfigurationName = Release;
		};
/* End XCConfigurationList section */
	};
	rootObject = 4CBC83F71B8E2270009CFAFF /* Project object */;
}
